
Microsoft Visual Studio Solution File, Format Version 12.00
Project("{FAE04EC0-301F-11D3-BF4B-00C04F79EFBC}") = "Rhodium24.Host", "Rhodium24.Host\Rhodium24.Host.csproj", "{C5EC1BA0-F9F8-4501-9C04-AC2BE158B469}"
EndProject
Global
	GlobalSection(SolutionConfigurationPlatforms) = preSolution
		Debug|Any CPU = Debug|Any CPU
		Release|Any CPU = Release|Any CPU
	EndGlobalSection
	GlobalSection(ProjectConfigurationPlatforms) = postSolution
		{C5EC1BA0-F9F8-4501-9C04-AC2BE158B469}.Debug|Any CPU.ActiveCfg = Debug|Any CPU
		{C5EC1BA0-F9F8-4501-9C04-AC2BE158B469}.Debug|Any CPU.Build.0 = Debug|Any CPU
		{C5EC1BA0-F9F8-4501-9C04-AC2BE158B469}.Release|Any CPU.ActiveCfg = Release|Any CPU
		{C5EC1BA0-F9F8-4501-9C04-AC2BE158B469}.Release|Any CPU.Build.0 = Release|Any CPU
	EndGlobalSection
EndGlobal
